
Microsoft Visual Studio Solution File, Format Version 12.00
# Visual Studio Version 17
VisualStudioVersion = 17.0.32014.148
MinimumVisualStudioVersion = 10.0.40219.1
Project("{9A19103F-16F7-4668-BE54-9A1E7A4F7556}") = "RetroGrid.Web", "RetroGrid.Web\RetroGrid.Web.csproj", "{049A8480-F4AE-4C65-A3BE-EE572DC1CC23}"
EndProject
Project("{9A19103F-16F7-4668-BE54-9A1E7A4F7556}") = "RetroGrid.Tests", "RetroGrid.Web.Tests\RetroGrid.Tests.csproj", "{0376372A-3096-4258-8D78-9455B642068F}"
EndProject
Global
	GlobalSection(SolutionConfigurationPlatforms) = preSolution
		Debug|Any CPU = Debug|Any CPU
		Release|Any CPU = Release|Any CPU
	EndGlobalSection
	GlobalSection(ProjectConfigurationPlatforms) = postSolution
		{049A8480-F4AE-4C65-A3BE-EE572DC1CC23}.Debug|Any CPU.ActiveCfg = Release|Any CPU
		{049A8480-F4AE-4C65-A3BE-EE572DC1CC23}.Debug|Any CPU.Build.0 = Release|Any CPU
		{049A8480-F4AE-4C65-A3BE-EE572DC1CC23}.Release|Any CPU.ActiveCfg = Release|Any CPU
		{049A8480-F4AE-4C65-A3BE-EE572DC1CC23}.Release|Any CPU.Build.0 = Release|Any CPU
		{0376372A-3096-4258-8D78-9455B642068F}.Debug|Any CPU.ActiveCfg = Release|Any CPU
		{0376372A-3096-4258-8D78-9455B642068F}.Debug|Any CPU.Build.0 = Release|Any CPU
		{0376372A-3096-4258-8D78-9455B642068F}.Release|Any CPU.ActiveCfg = Release|Any CPU
		{0376372A-3096-4258-8D78-9455B642068F}.Release|Any CPU.Build.0 = Release|Any CPU
	EndGlobalSection
	GlobalSection(SolutionProperties) = preSolution
		HideSolutionNode = FALSE
	EndGlobalSection
	GlobalSection(ExtensibilityGlobals) = postSolution
		SolutionGuid = {81AA87AA-D907-477D-A304-34D095012E6C}
	EndGlobalSection
EndGlobal
